
Microsoft Visual Studio Solution File, Format Version 12.00
# Visual Studio 2013
VisualStudioVersion = 12.0.21005.1
MinimumVisualStudioVersion = 10.0.40219.1
Project("{FAE04EC0-301F-11D3-BF4B-00C04F79EFBC}") = "Main", "WindowsMain\Main.csproj", "{085DED54-F963-4FCF-B644-18589CE6E335}"
	ProjectSection(ProjectDependencies) = postProject
		{4ACE2501-2B2F-4B6A-9E40-385F31183313} = {4ACE2501-2B2F-4B6A-9E40-385F31183313}
		{8972A841-D69B-4F4C-BADA-30E671F3DF50} = {8972A841-D69B-4F4C-BADA-30E671F3DF50}
	EndProjectSection
EndProject
Project("{FAE04EC0-301F-11D3-BF4B-00C04F79EFBC}") = "Database", "Sqlite\Database.csproj", "{8972A841-D69B-4F4C-BADA-30E671F3DF50}"
EndProject
Project("{FAE04EC0-301F-11D3-BF4B-00C04F79EFBC}") = "Session", "Session\Session.csproj", "{581E484C-E477-4201-8FDD-A5461BE0EEC9}"
EndProject
Project("{FAE04EC0-301F-11D3-BF4B-00C04F79EFBC}") = "Windows", "Windows\Windows.csproj", "{4637C643-BF92-44DC-A506-718929A4D67F}"
EndProject
Project("{FAE04EC0-301F-11D3-BF4B-00C04F79EFBC}") = "SocketServerLib", "SocketServerLib\SocketServerLib.csproj", "{3E43CBDE-B04F-4232-9F91-B701E2A9B624}"
EndProject
Project("{FAE04EC0-301F-11D3-BF4B-00C04F79EFBC}") = "AsyncClientServerLib", "AsyncClientServerLib\AsyncClientServerLib.csproj", "{8FE423A8-2A17-42D4-A0D4-CF2CC8D5EB6E}"
EndProject
Project("{FAE04EC0-301F-11D3-BF4B-00C04F79EFBC}") = "BasicClientServerLib", "BasicClientServerLib\BasicClientServerLib.csproj", "{B2074304-63A4-4C8B-9232-75CCF643CDBF}"
EndProject
Project("{FAE04EC0-301F-11D3-BF4B-00C04F79EFBC}") = "Utils", "Utils\Utils.csproj", "{6FD8CCDE-EAA0-4295-922B-E59D4B62B659}"
EndProject
Project("{FAE04EC0-301F-11D3-BF4B-00C04F79EFBC}") = "CustomControlHolder", "CustomWinForm\CustomControlHolder.csproj", "{E3832688-C985-44E6-97A2-7BD33821095D}"
EndProject
Project("{54435603-DBB4-11D2-8724-00A0C9A8B90C}") = "Setup1", "Setup1\Setup1.vdproj", "{5573484C-87A5-4BB8-939A-1FA9D9500495}"
EndProject
Project("{FAE04EC0-301F-11D3-BF4B-00C04F79EFBC}") = "VncMarshall", "VncMarshall\VncMarshall.csproj", "{4ACE2501-2B2F-4B6A-9E40-385F31183313}"
EndProject
Project("{FAE04EC0-301F-11D3-BF4B-00C04F79EFBC}") = "License", "License\License.csproj", "{37B5E272-8D1D-4635-9F82-FC03F69F223B}"
EndProject
Global
	GlobalSection(SolutionConfigurationPlatforms) = preSolution
		Debug|Any CPU = Debug|Any CPU
		Release|Any CPU = Release|Any CPU
	EndGlobalSection
	GlobalSection(ProjectConfigurationPlatforms) = postSolution
		{085DED54-F963-4FCF-B644-18589CE6E335}.Debug|Any CPU.ActiveCfg = Debug|Any CPU
		{085DED54-F963-4FCF-B644-18589CE6E335}.Debug|Any CPU.Build.0 = Debug|Any CPU
		{085DED54-F963-4FCF-B644-18589CE6E335}.Release|Any CPU.ActiveCfg = Release|Any CPU
		{085DED54-F963-4FCF-B644-18589CE6E335}.Release|Any CPU.Build.0 = Release|Any CPU
		{8972A841-D69B-4F4C-BADA-30E671F3DF50}.Debug|Any CPU.ActiveCfg = Debug|Any CPU
		{8972A841-D69B-4F4C-BADA-30E671F3DF50}.Debug|Any CPU.Build.0 = Debug|Any CPU
		{8972A841-D69B-4F4C-BADA-30E671F3DF50}.Release|Any CPU.ActiveCfg = Release|Any CPU
		{8972A841-D69B-4F4C-BADA-30E671F3DF50}.Release|Any CPU.Build.0 = Release|Any CPU
		{581E484C-E477-4201-8FDD-A5461BE0EEC9}.Debug|Any CPU.ActiveCfg = Debug|Any CPU
		{581E484C-E477-4201-8FDD-A5461BE0EEC9}.Debug|Any CPU.Build.0 = Debug|Any CPU
		{581E484C-E477-4201-8FDD-A5461BE0EEC9}.Release|Any CPU.ActiveCfg = Release|Any CPU
		{581E484C-E477-4201-8FDD-A5461BE0EEC9}.Release|Any CPU.Build.0 = Release|Any CPU
		{4637C643-BF92-44DC-A506-718929A4D67F}.Debug|Any CPU.ActiveCfg = Debug|Any CPU
		{4637C643-BF92-44DC-A506-718929A4D67F}.Debug|Any CPU.Build.0 = Debug|Any CPU
		{4637C643-BF92-44DC-A506-718929A4D67F}.Release|Any CPU.ActiveCfg = Release|Any CPU
		{4637C643-BF92-44DC-A506-718929A4D67F}.Release|Any CPU.Build.0 = Release|Any CPU
		{3E43CBDE-B04F-4232-9F91-B701E2A9B624}.Debug|Any CPU.ActiveCfg = Debug|Any CPU
		{3E43CBDE-B04F-4232-9F91-B701E2A9B624}.Debug|Any CPU.Build.0 = Debug|Any CPU
		{3E43CBDE-B04F-4232-9F91-B701E2A9B624}.Release|Any CPU.ActiveCfg = Release|Any CPU
		{3E43CBDE-B04F-4232-9F91-B701E2A9B624}.Release|Any CPU.Build.0 = Release|Any CPU
		{8FE423A8-2A17-42D4-A0D4-CF2CC8D5EB6E}.Debug|Any CPU.ActiveCfg = Debug|Any CPU
		{8FE423A8-2A17-42D4-A0D4-CF2CC8D5EB6E}.Debug|Any CPU.Build.0 = Debug|Any CPU
		{8FE423A8-2A17-42D4-A0D4-CF2CC8D5EB6E}.Release|Any CPU.ActiveCfg = Release|Any CPU
		{8FE423A8-2A17-42D4-A0D4-CF2CC8D5EB6E}.Release|Any CPU.Build.0 = Release|Any CPU
		{B2074304-63A4-4C8B-9232-75CCF643CDBF}.Debug|Any CPU.ActiveCfg = Debug|Any CPU
		{B2074304-63A4-4C8B-9232-75CCF643CDBF}.Debug|Any CPU.Build.0 = Debug|Any CPU
		{B2074304-63A4-4C8B-9232-75CCF643CDBF}.Release|Any CPU.ActiveCfg = Release|Any CPU
		{B2074304-63A4-4C8B-9232-75CCF643CDBF}.Release|Any CPU.Build.0 = Release|Any CPU
		{6FD8CCDE-EAA0-4295-922B-E59D4B62B659}.Debug|Any CPU.ActiveCfg = Debug|Any CPU
		{6FD8CCDE-EAA0-4295-922B-E59D4B62B659}.Debug|Any CPU.Build.0 = Debug|Any CPU
		{6FD8CCDE-EAA0-4295-922B-E59D4B62B659}.Release|Any CPU.ActiveCfg = Release|Any CPU
		{6FD8CCDE-EAA0-4295-922B-E59D4B62B659}.Release|Any CPU.Build.0 = Release|Any CPU
		{E3832688-C985-44E6-97A2-7BD33821095D}.Debug|Any CPU.ActiveCfg = Debug|Any CPU
		{E3832688-C985-44E6-97A2-7BD33821095D}.Debug|Any CPU.Build.0 = Debug|Any CPU
		{E3832688-C985-44E6-97A2-7BD33821095D}.Release|Any CPU.ActiveCfg = Release|Any CPU
		{E3832688-C985-44E6-97A2-7BD33821095D}.Release|Any CPU.Build.0 = Release|Any CPU
		{5573484C-87A5-4BB8-939A-1FA9D9500495}.Debug|Any CPU.ActiveCfg = Debug
		{5573484C-87A5-4BB8-939A-1FA9D9500495}.Release|Any CPU.ActiveCfg = Release
		{4ACE2501-2B2F-4B6A-9E40-385F31183313}.Debug|Any CPU.ActiveCfg = Debug|Any CPU
		{4ACE2501-2B2F-4B6A-9E40-385F31183313}.Debug|Any CPU.Build.0 = Debug|Any CPU
		{4ACE2501-2B2F-4B6A-9E40-385F31183313}.Release|Any CPU.ActiveCfg = Release|Any CPU
		{4ACE2501-2B2F-4B6A-9E40-385F31183313}.Release|Any CPU.Build.0 = Release|Any CPU
		{37B5E272-8D1D-4635-9F82-FC03F69F223B}.Debug|Any CPU.ActiveCfg = Debug|Any CPU
		{37B5E272-8D1D-4635-9F82-FC03F69F223B}.Debug|Any CPU.Build.0 = Debug|Any CPU
		{37B5E272-8D1D-4635-9F82-FC03F69F223B}.Release|Any CPU.ActiveCfg = Release|Any CPU
		{37B5E272-8D1D-4635-9F82-FC03F69F223B}.Release|Any CPU.Build.0 = Release|Any CPU
	EndGlobalSection
	GlobalSection(SolutionProperties) = preSolution
		HideSolutionNode = FALSE
	EndGlobalSection
EndGlobal
