
Microsoft Visual Studio Solution File, Format Version 12.00
# Visual Studio 2013
VisualStudioVersion = 12.0.31101.0
MinimumVisualStudioVersion = 10.0.40219.1
Project("{FAE04EC0-301F-11D3-BF4B-00C04F79EFBC}") = "Database", "Sqlite\Database.csproj", "{8972A841-D69B-4F4C-BADA-30E671F3DF50}"
EndProject
Project("{FAE04EC0-301F-11D3-BF4B-00C04F79EFBC}") = "Session", "Session\Session.csproj", "{581E484C-E477-4201-8FDD-A5461BE0EEC9}"
EndProject
Project("{FAE04EC0-301F-11D3-BF4B-00C04F79EFBC}") = "Windows", "Windows\Windows.csproj", "{4637C643-BF92-44DC-A506-718929A4D67F}"
EndProject
Project("{FAE04EC0-301F-11D3-BF4B-00C04F79EFBC}") = "SocketServerLib", "SocketServerLib\SocketServerLib.csproj", "{3E43CBDE-B04F-4232-9F91-B701E2A9B624}"
EndProject
Project("{FAE04EC0-301F-11D3-BF4B-00C04F79EFBC}") = "AsyncClientServerLib", "AsyncClientServerLib\AsyncClientServerLib.csproj", "{8FE423A8-2A17-42D4-A0D4-CF2CC8D5EB6E}"
EndProject
Project("{FAE04EC0-301F-11D3-BF4B-00C04F79EFBC}") = "BasicClientServerLib", "BasicClientServerLib\BasicClientServerLib.csproj", "{B2074304-63A4-4C8B-9232-75CCF643CDBF}"
EndProject
Project("{FAE04EC0-301F-11D3-BF4B-00C04F79EFBC}") = "Utils", "Utils\Utils.csproj", "{6FD8CCDE-EAA0-4295-922B-E59D4B62B659}"
EndProject
Project("{FAE04EC0-301F-11D3-BF4B-00C04F79EFBC}") = "CustomControlHolder", "CustomWinForm\CustomControlHolder.csproj", "{E3832688-C985-44E6-97A2-7BD33821095D}"
EndProject
Project("{FAE04EC0-301F-11D3-BF4B-00C04F79EFBC}") = "VncMarshall", "VncMarshall\VncMarshall.csproj", "{4ACE2501-2B2F-4B6A-9E40-385F31183313}"
EndProject
Project("{FAE04EC0-301F-11D3-BF4B-00C04F79EFBC}") = "License", "License\License.csproj", "{37B5E272-8D1D-4635-9F82-FC03F69F223B}"
EndProject
Project("{54435603-DBB4-11D2-8724-00A0C9A8B90C}") = "InstallerServer", "InstallerSetup\InstallerSetup.vdproj", "{03E8E961-877C-4849-A439-C0892F426876}"
EndProject
Project("{FAE04EC0-301F-11D3-BF4B-00C04F79EFBC}") = "WindowsFormServer", "WindowsFormServer\WindowsFormServer.csproj", "{9E745BEF-0857-48F3-B987-A77516F1D422}"
	ProjectSection(ProjectDependencies) = postProject
		{9C43041F-64DC-472C-8735-AEB4FD3B6002} = {9C43041F-64DC-472C-8735-AEB4FD3B6002}
		{3E43CBDE-B04F-4232-9F91-B701E2A9B624} = {3E43CBDE-B04F-4232-9F91-B701E2A9B624}
	EndProjectSection
EndProject
Project("{FAE04EC0-301F-11D3-BF4B-00C04F79EFBC}") = "WindowsFormClient", "WindowsFormClient\WindowsFormClient.csproj", "{DD9D2EA6-01B9-44E0-A16D-1B09DB3340FF}"
EndProject
Project("{FAE04EC0-301F-11D3-BF4B-00C04F79EFBC}") = "WinFormsUI", "WinFormsUI\WinFormsUI.csproj", "{C75532C4-765B-418E-B09B-46D36B2ABDB1}"
EndProject
Project("{FAE04EC0-301F-11D3-BF4B-00C04F79EFBC}") = "LicenseChecker", "LicenseChecker\LicenseChecker.csproj", "{02574FE0-D383-4EBB-8422-77C1CD324FBA}"
EndProject
Project("{54435603-DBB4-11D2-8724-00A0C9A8B90C}") = "InstallerClient", "InstallerClient\InstallerClient.vdproj", "{D24B5062-5063-40F7-AB8A-6F43C429ED10}"
EndProject
Project("{FAE04EC0-301F-11D3-BF4B-00C04F79EFBC}") = "RemoteFormServer", "RemoteFormServer\RemoteFormServer.csproj", "{CBD83531-B9D1-45B6-B725-3BD7A5626D1A}"
EndProject
Project("{FAE04EC0-301F-11D3-BF4B-00C04F79EFBC}") = "WcfServiceLibrary1", "WcfServiceLibrary1\WcfServiceLibrary1.csproj", "{C5EDE427-B58C-4DE4-AEA9-87211D13FE40}"
EndProject
Project("{FAE04EC0-301F-11D3-BF4B-00C04F79EFBC}") = "WindowsService1", "WindowsService1\WindowsService1.csproj", "{88E5C082-DC7B-4E86-9710-F41961604A81}"
EndProject
Project("{FAE04EC0-301F-11D3-BF4B-00C04F79EFBC}") = "RGBEasy", "RGBEasy\RGBEasy.csproj", "{ECA0C117-A374-4DEF-A69A-203FD012EE01}"
EndProject
Project("{FAE04EC0-301F-11D3-BF4B-00C04F79EFBC}") = "CustomMessageBox", "CustomMessageBox\CustomMessageBox.csproj", "{8F71AF73-2A13-4A8F-8992-4D33AA67B496}"
EndProject
Project("{54435603-DBB4-11D2-8724-00A0C9A8B90C}") = "InstallerRemoteServer", "InstallerRemoteServer\InstallerRemoteServer.vdproj", "{6277CB49-E329-4C47-BCFB-989028CE1934}"
EndProject
Project("{54435603-DBB4-11D2-8724-00A0C9A8B90C}") = "InstallerWindowService", "InstallerWindowService\InstallerWindowService.vdproj", "{965F6840-257B-4BCC-A704-60F0FD9BA870}"
EndProject
Project("{FAE04EC0-301F-11D3-BF4B-00C04F79EFBC}") = "SocketCommand", "SocketCommand\SocketCommand.csproj", "{9C43041F-64DC-472C-8735-AEB4FD3B6002}"
EndProject
Global
	GlobalSection(SolutionConfigurationPlatforms) = preSolution
		Debug|Any CPU = Debug|Any CPU
		Debug|x64 = Debug|x64
		Debug|x86 = Debug|x86
		Debug-Client|Any CPU = Debug-Client|Any CPU
		Debug-Client|x64 = Debug-Client|x64
		Debug-Client|x86 = Debug-Client|x86
		Debug-Server|Any CPU = Debug-Server|Any CPU
		Debug-Server|x64 = Debug-Server|x64
		Debug-Server|x86 = Debug-Server|x86
		Release|Any CPU = Release|Any CPU
		Release|x64 = Release|x64
		Release|x86 = Release|x86
		Release-Client|Any CPU = Release-Client|Any CPU
		Release-Client|x64 = Release-Client|x64
		Release-Client|x86 = Release-Client|x86
		Release-Server|Any CPU = Release-Server|Any CPU
		Release-Server|x64 = Release-Server|x64
		Release-Server|x86 = Release-Server|x86
	EndGlobalSection
	GlobalSection(ProjectConfigurationPlatforms) = postSolution
		{8972A841-D69B-4F4C-BADA-30E671F3DF50}.Debug|Any CPU.ActiveCfg = Debug|Any CPU
		{8972A841-D69B-4F4C-BADA-30E671F3DF50}.Debug|Any CPU.Build.0 = Debug|Any CPU
		{8972A841-D69B-4F4C-BADA-30E671F3DF50}.Debug|x64.ActiveCfg = Debug|Any CPU
		{8972A841-D69B-4F4C-BADA-30E671F3DF50}.Debug|x86.ActiveCfg = Debug|Any CPU
		{8972A841-D69B-4F4C-BADA-30E671F3DF50}.Debug-Client|Any CPU.ActiveCfg = Debug|Any CPU
		{8972A841-D69B-4F4C-BADA-30E671F3DF50}.Debug-Client|Any CPU.Build.0 = Debug|Any CPU
		{8972A841-D69B-4F4C-BADA-30E671F3DF50}.Debug-Client|x64.ActiveCfg = Debug|Any CPU
		{8972A841-D69B-4F4C-BADA-30E671F3DF50}.Debug-Client|x86.ActiveCfg = Debug|Any CPU
		{8972A841-D69B-4F4C-BADA-30E671F3DF50}.Debug-Server|Any CPU.ActiveCfg = Debug|Any CPU
		{8972A841-D69B-4F4C-BADA-30E671F3DF50}.Debug-Server|Any CPU.Build.0 = Debug|Any CPU
		{8972A841-D69B-4F4C-BADA-30E671F3DF50}.Debug-Server|x64.ActiveCfg = Debug|Any CPU
		{8972A841-D69B-4F4C-BADA-30E671F3DF50}.Debug-Server|x86.ActiveCfg = Debug|Any CPU
		{8972A841-D69B-4F4C-BADA-30E671F3DF50}.Release|Any CPU.ActiveCfg = Release|Any CPU
		{8972A841-D69B-4F4C-BADA-30E671F3DF50}.Release|Any CPU.Build.0 = Release|Any CPU
		{8972A841-D69B-4F4C-BADA-30E671F3DF50}.Release|x64.ActiveCfg = Release|Any CPU
		{8972A841-D69B-4F4C-BADA-30E671F3DF50}.Release|x86.ActiveCfg = Release|Any CPU
		{8972A841-D69B-4F4C-BADA-30E671F3DF50}.Release-Client|Any CPU.ActiveCfg = Release|Any CPU
		{8972A841-D69B-4F4C-BADA-30E671F3DF50}.Release-Client|Any CPU.Build.0 = Release|Any CPU
		{8972A841-D69B-4F4C-BADA-30E671F3DF50}.Release-Client|x64.ActiveCfg = Release|Any CPU
		{8972A841-D69B-4F4C-BADA-30E671F3DF50}.Release-Client|x86.ActiveCfg = Release|Any CPU
		{8972A841-D69B-4F4C-BADA-30E671F3DF50}.Release-Server|Any CPU.ActiveCfg = Release|Any CPU
		{8972A841-D69B-4F4C-BADA-30E671F3DF50}.Release-Server|Any CPU.Build.0 = Release|Any CPU
		{8972A841-D69B-4F4C-BADA-30E671F3DF50}.Release-Server|x64.ActiveCfg = Release|Any CPU
		{8972A841-D69B-4F4C-BADA-30E671F3DF50}.Release-Server|x86.ActiveCfg = Release|Any CPU
		{581E484C-E477-4201-8FDD-A5461BE0EEC9}.Debug|Any CPU.ActiveCfg = Debug|Any CPU
		{581E484C-E477-4201-8FDD-A5461BE0EEC9}.Debug|Any CPU.Build.0 = Debug|Any CPU
		{581E484C-E477-4201-8FDD-A5461BE0EEC9}.Debug|x64.ActiveCfg = Debug|Any CPU
		{581E484C-E477-4201-8FDD-A5461BE0EEC9}.Debug|x86.ActiveCfg = Debug|Any CPU
		{581E484C-E477-4201-8FDD-A5461BE0EEC9}.Debug-Client|Any CPU.ActiveCfg = Debug|Any CPU
		{581E484C-E477-4201-8FDD-A5461BE0EEC9}.Debug-Client|Any CPU.Build.0 = Debug|Any CPU
		{581E484C-E477-4201-8FDD-A5461BE0EEC9}.Debug-Client|x64.ActiveCfg = Debug|Any CPU
		{581E484C-E477-4201-8FDD-A5461BE0EEC9}.Debug-Client|x86.ActiveCfg = Debug|Any CPU
		{581E484C-E477-4201-8FDD-A5461BE0EEC9}.Debug-Server|Any CPU.ActiveCfg = Debug|Any CPU
		{581E484C-E477-4201-8FDD-A5461BE0EEC9}.Debug-Server|Any CPU.Build.0 = Debug|Any CPU
		{581E484C-E477-4201-8FDD-A5461BE0EEC9}.Debug-Server|x64.ActiveCfg = Debug|Any CPU
		{581E484C-E477-4201-8FDD-A5461BE0EEC9}.Debug-Server|x86.ActiveCfg = Debug|Any CPU
		{581E484C-E477-4201-8FDD-A5461BE0EEC9}.Release|Any CPU.ActiveCfg = Release|Any CPU
		{581E484C-E477-4201-8FDD-A5461BE0EEC9}.Release|Any CPU.Build.0 = Release|Any CPU
		{581E484C-E477-4201-8FDD-A5461BE0EEC9}.Release|x64.ActiveCfg = Release|Any CPU
		{581E484C-E477-4201-8FDD-A5461BE0EEC9}.Release|x86.ActiveCfg = Release|Any CPU
		{581E484C-E477-4201-8FDD-A5461BE0EEC9}.Release-Client|Any CPU.ActiveCfg = Release|Any CPU
		{581E484C-E477-4201-8FDD-A5461BE0EEC9}.Release-Client|Any CPU.Build.0 = Release|Any CPU
		{581E484C-E477-4201-8FDD-A5461BE0EEC9}.Release-Client|x64.ActiveCfg = Release|Any CPU
		{581E484C-E477-4201-8FDD-A5461BE0EEC9}.Release-Client|x86.ActiveCfg = Release|Any CPU
		{581E484C-E477-4201-8FDD-A5461BE0EEC9}.Release-Server|Any CPU.ActiveCfg = Release|Any CPU
		{581E484C-E477-4201-8FDD-A5461BE0EEC9}.Release-Server|Any CPU.Build.0 = Release|Any CPU
		{581E484C-E477-4201-8FDD-A5461BE0EEC9}.Release-Server|x64.ActiveCfg = Release|Any CPU
		{581E484C-E477-4201-8FDD-A5461BE0EEC9}.Release-Server|x86.ActiveCfg = Release|Any CPU
		{4637C643-BF92-44DC-A506-718929A4D67F}.Debug|Any CPU.ActiveCfg = Debug|Any CPU
		{4637C643-BF92-44DC-A506-718929A4D67F}.Debug|Any CPU.Build.0 = Debug|Any CPU
		{4637C643-BF92-44DC-A506-718929A4D67F}.Debug|x64.ActiveCfg = Debug|Any CPU
		{4637C643-BF92-44DC-A506-718929A4D67F}.Debug|x86.ActiveCfg = Debug|Any CPU
		{4637C643-BF92-44DC-A506-718929A4D67F}.Debug-Client|Any CPU.ActiveCfg = Debug|Any CPU
		{4637C643-BF92-44DC-A506-718929A4D67F}.Debug-Client|Any CPU.Build.0 = Debug|Any CPU
		{4637C643-BF92-44DC-A506-718929A4D67F}.Debug-Client|x64.ActiveCfg = Debug|Any CPU
		{4637C643-BF92-44DC-A506-718929A4D67F}.Debug-Client|x86.ActiveCfg = Debug|Any CPU
		{4637C643-BF92-44DC-A506-718929A4D67F}.Debug-Server|Any CPU.ActiveCfg = Debug|Any CPU
		{4637C643-BF92-44DC-A506-718929A4D67F}.Debug-Server|Any CPU.Build.0 = Debug|Any CPU
		{4637C643-BF92-44DC-A506-718929A4D67F}.Debug-Server|x64.ActiveCfg = Debug|Any CPU
		{4637C643-BF92-44DC-A506-718929A4D67F}.Debug-Server|x86.ActiveCfg = Debug|Any CPU
		{4637C643-BF92-44DC-A506-718929A4D67F}.Release|Any CPU.ActiveCfg = Release|Any CPU
		{4637C643-BF92-44DC-A506-718929A4D67F}.Release|Any CPU.Build.0 = Release|Any CPU
		{4637C643-BF92-44DC-A506-718929A4D67F}.Release|x64.ActiveCfg = Release|Any CPU
		{4637C643-BF92-44DC-A506-718929A4D67F}.Release|x86.ActiveCfg = Release|Any CPU
		{4637C643-BF92-44DC-A506-718929A4D67F}.Release-Client|Any CPU.ActiveCfg = Release|Any CPU
		{4637C643-BF92-44DC-A506-718929A4D67F}.Release-Client|Any CPU.Build.0 = Release|Any CPU
		{4637C643-BF92-44DC-A506-718929A4D67F}.Release-Client|x64.ActiveCfg = Release|Any CPU
		{4637C643-BF92-44DC-A506-718929A4D67F}.Release-Client|x86.ActiveCfg = Release|Any CPU
		{4637C643-BF92-44DC-A506-718929A4D67F}.Release-Server|Any CPU.ActiveCfg = Release|Any CPU
		{4637C643-BF92-44DC-A506-718929A4D67F}.Release-Server|Any CPU.Build.0 = Release|Any CPU
		{4637C643-BF92-44DC-A506-718929A4D67F}.Release-Server|x64.ActiveCfg = Release|Any CPU
		{4637C643-BF92-44DC-A506-718929A4D67F}.Release-Server|x86.ActiveCfg = Release|Any CPU
		{3E43CBDE-B04F-4232-9F91-B701E2A9B624}.Debug|Any CPU.ActiveCfg = Debug|Any CPU
		{3E43CBDE-B04F-4232-9F91-B701E2A9B624}.Debug|Any CPU.Build.0 = Debug|Any CPU
		{3E43CBDE-B04F-4232-9F91-B701E2A9B624}.Debug|x64.ActiveCfg = Debug|Any CPU
		{3E43CBDE-B04F-4232-9F91-B701E2A9B624}.Debug|x86.ActiveCfg = Debug|Any CPU
		{3E43CBDE-B04F-4232-9F91-B701E2A9B624}.Debug-Client|Any CPU.ActiveCfg = Debug|Any CPU
		{3E43CBDE-B04F-4232-9F91-B701E2A9B624}.Debug-Client|Any CPU.Build.0 = Debug|Any CPU
		{3E43CBDE-B04F-4232-9F91-B701E2A9B624}.Debug-Client|x64.ActiveCfg = Debug|Any CPU
		{3E43CBDE-B04F-4232-9F91-B701E2A9B624}.Debug-Client|x86.ActiveCfg = Debug|Any CPU
		{3E43CBDE-B04F-4232-9F91-B701E2A9B624}.Debug-Server|Any CPU.ActiveCfg = Debug|Any CPU
		{3E43CBDE-B04F-4232-9F91-B701E2A9B624}.Debug-Server|Any CPU.Build.0 = Debug|Any CPU
		{3E43CBDE-B04F-4232-9F91-B701E2A9B624}.Debug-Server|x64.ActiveCfg = Debug|Any CPU
		{3E43CBDE-B04F-4232-9F91-B701E2A9B624}.Debug-Server|x86.ActiveCfg = Debug|Any CPU
		{3E43CBDE-B04F-4232-9F91-B701E2A9B624}.Release|Any CPU.ActiveCfg = Release|Any CPU
		{3E43CBDE-B04F-4232-9F91-B701E2A9B624}.Release|Any CPU.Build.0 = Release|Any CPU
		{3E43CBDE-B04F-4232-9F91-B701E2A9B624}.Release|x64.ActiveCfg = Release|Any CPU
		{3E43CBDE-B04F-4232-9F91-B701E2A9B624}.Release|x86.ActiveCfg = Release|Any CPU
		{3E43CBDE-B04F-4232-9F91-B701E2A9B624}.Release-Client|Any CPU.ActiveCfg = Release|Any CPU
		{3E43CBDE-B04F-4232-9F91-B701E2A9B624}.Release-Client|Any CPU.Build.0 = Release|Any CPU
		{3E43CBDE-B04F-4232-9F91-B701E2A9B624}.Release-Client|x64.ActiveCfg = Release|Any CPU
		{3E43CBDE-B04F-4232-9F91-B701E2A9B624}.Release-Client|x86.ActiveCfg = Release|Any CPU
		{3E43CBDE-B04F-4232-9F91-B701E2A9B624}.Release-Server|Any CPU.ActiveCfg = Release|Any CPU
		{3E43CBDE-B04F-4232-9F91-B701E2A9B624}.Release-Server|Any CPU.Build.0 = Release|Any CPU
		{3E43CBDE-B04F-4232-9F91-B701E2A9B624}.Release-Server|x64.ActiveCfg = Release|Any CPU
		{3E43CBDE-B04F-4232-9F91-B701E2A9B624}.Release-Server|x86.ActiveCfg = Release|Any CPU
		{8FE423A8-2A17-42D4-A0D4-CF2CC8D5EB6E}.Debug|Any CPU.ActiveCfg = Debug|Any CPU
		{8FE423A8-2A17-42D4-A0D4-CF2CC8D5EB6E}.Debug|Any CPU.Build.0 = Debug|Any CPU
		{8FE423A8-2A17-42D4-A0D4-CF2CC8D5EB6E}.Debug|x64.ActiveCfg = Debug|Any CPU
		{8FE423A8-2A17-42D4-A0D4-CF2CC8D5EB6E}.Debug|x86.ActiveCfg = Debug|Any CPU
		{8FE423A8-2A17-42D4-A0D4-CF2CC8D5EB6E}.Debug-Client|Any CPU.ActiveCfg = Debug|Any CPU
		{8FE423A8-2A17-42D4-A0D4-CF2CC8D5EB6E}.Debug-Client|Any CPU.Build.0 = Debug|Any CPU
		{8FE423A8-2A17-42D4-A0D4-CF2CC8D5EB6E}.Debug-Client|x64.ActiveCfg = Debug|Any CPU
		{8FE423A8-2A17-42D4-A0D4-CF2CC8D5EB6E}.Debug-Client|x86.ActiveCfg = Debug|Any CPU
		{8FE423A8-2A17-42D4-A0D4-CF2CC8D5EB6E}.Debug-Server|Any CPU.ActiveCfg = Debug|Any CPU
		{8FE423A8-2A17-42D4-A0D4-CF2CC8D5EB6E}.Debug-Server|Any CPU.Build.0 = Debug|Any CPU
		{8FE423A8-2A17-42D4-A0D4-CF2CC8D5EB6E}.Debug-Server|x64.ActiveCfg = Debug|Any CPU
		{8FE423A8-2A17-42D4-A0D4-CF2CC8D5EB6E}.Debug-Server|x86.ActiveCfg = Debug|Any CPU
		{8FE423A8-2A17-42D4-A0D4-CF2CC8D5EB6E}.Release|Any CPU.ActiveCfg = Release|Any CPU
		{8FE423A8-2A17-42D4-A0D4-CF2CC8D5EB6E}.Release|Any CPU.Build.0 = Release|Any CPU
		{8FE423A8-2A17-42D4-A0D4-CF2CC8D5EB6E}.Release|x64.ActiveCfg = Release|Any CPU
		{8FE423A8-2A17-42D4-A0D4-CF2CC8D5EB6E}.Release|x86.ActiveCfg = Release|Any CPU
		{8FE423A8-2A17-42D4-A0D4-CF2CC8D5EB6E}.Release-Client|Any CPU.ActiveCfg = Release|Any CPU
		{8FE423A8-2A17-42D4-A0D4-CF2CC8D5EB6E}.Release-Client|Any CPU.Build.0 = Release|Any CPU
		{8FE423A8-2A17-42D4-A0D4-CF2CC8D5EB6E}.Release-Client|x64.ActiveCfg = Release|Any CPU
		{8FE423A8-2A17-42D4-A0D4-CF2CC8D5EB6E}.Release-Client|x86.ActiveCfg = Release|Any CPU
		{8FE423A8-2A17-42D4-A0D4-CF2CC8D5EB6E}.Release-Server|Any CPU.ActiveCfg = Release|Any CPU
		{8FE423A8-2A17-42D4-A0D4-CF2CC8D5EB6E}.Release-Server|Any CPU.Build.0 = Release|Any CPU
		{8FE423A8-2A17-42D4-A0D4-CF2CC8D5EB6E}.Release-Server|x64.ActiveCfg = Release|Any CPU
		{8FE423A8-2A17-42D4-A0D4-CF2CC8D5EB6E}.Release-Server|x86.ActiveCfg = Release|Any CPU
		{B2074304-63A4-4C8B-9232-75CCF643CDBF}.Debug|Any CPU.ActiveCfg = Debug|Any CPU
		{B2074304-63A4-4C8B-9232-75CCF643CDBF}.Debug|Any CPU.Build.0 = Debug|Any CPU
		{B2074304-63A4-4C8B-9232-75CCF643CDBF}.Debug|x64.ActiveCfg = Debug|Any CPU
		{B2074304-63A4-4C8B-9232-75CCF643CDBF}.Debug|x86.ActiveCfg = Debug|Any CPU
		{B2074304-63A4-4C8B-9232-75CCF643CDBF}.Debug-Client|Any CPU.ActiveCfg = Debug|Any CPU
		{B2074304-63A4-4C8B-9232-75CCF643CDBF}.Debug-Client|Any CPU.Build.0 = Debug|Any CPU
		{B2074304-63A4-4C8B-9232-75CCF643CDBF}.Debug-Client|x64.ActiveCfg = Debug|Any CPU
		{B2074304-63A4-4C8B-9232-75CCF643CDBF}.Debug-Client|x86.ActiveCfg = Debug|Any CPU
		{B2074304-63A4-4C8B-9232-75CCF643CDBF}.Debug-Server|Any CPU.ActiveCfg = Debug|Any CPU
		{B2074304-63A4-4C8B-9232-75CCF643CDBF}.Debug-Server|Any CPU.Build.0 = Debug|Any CPU
		{B2074304-63A4-4C8B-9232-75CCF643CDBF}.Debug-Server|x64.ActiveCfg = Debug|Any CPU
		{B2074304-63A4-4C8B-9232-75CCF643CDBF}.Debug-Server|x86.ActiveCfg = Debug|Any CPU
		{B2074304-63A4-4C8B-9232-75CCF643CDBF}.Release|Any CPU.ActiveCfg = Release|Any CPU
		{B2074304-63A4-4C8B-9232-75CCF643CDBF}.Release|Any CPU.Build.0 = Release|Any CPU
		{B2074304-63A4-4C8B-9232-75CCF643CDBF}.Release|x64.ActiveCfg = Release|Any CPU
		{B2074304-63A4-4C8B-9232-75CCF643CDBF}.Release|x86.ActiveCfg = Release|Any CPU
		{B2074304-63A4-4C8B-9232-75CCF643CDBF}.Release-Client|Any CPU.ActiveCfg = Release|Any CPU
		{B2074304-63A4-4C8B-9232-75CCF643CDBF}.Release-Client|Any CPU.Build.0 = Release|Any CPU
		{B2074304-63A4-4C8B-9232-75CCF643CDBF}.Release-Client|x64.ActiveCfg = Release|Any CPU
		{B2074304-63A4-4C8B-9232-75CCF643CDBF}.Release-Client|x86.ActiveCfg = Release|Any CPU
		{B2074304-63A4-4C8B-9232-75CCF643CDBF}.Release-Server|Any CPU.ActiveCfg = Release|Any CPU
		{B2074304-63A4-4C8B-9232-75CCF643CDBF}.Release-Server|Any CPU.Build.0 = Release|Any CPU
		{B2074304-63A4-4C8B-9232-75CCF643CDBF}.Release-Server|x64.ActiveCfg = Release|Any CPU
		{B2074304-63A4-4C8B-9232-75CCF643CDBF}.Release-Server|x86.ActiveCfg = Release|Any CPU
		{6FD8CCDE-EAA0-4295-922B-E59D4B62B659}.Debug|Any CPU.ActiveCfg = Debug|Any CPU
		{6FD8CCDE-EAA0-4295-922B-E59D4B62B659}.Debug|Any CPU.Build.0 = Debug|Any CPU
		{6FD8CCDE-EAA0-4295-922B-E59D4B62B659}.Debug|x64.ActiveCfg = Debug|Any CPU
		{6FD8CCDE-EAA0-4295-922B-E59D4B62B659}.Debug|x86.ActiveCfg = Debug|Any CPU
		{6FD8CCDE-EAA0-4295-922B-E59D4B62B659}.Debug-Client|Any CPU.ActiveCfg = Debug|Any CPU
		{6FD8CCDE-EAA0-4295-922B-E59D4B62B659}.Debug-Client|Any CPU.Build.0 = Debug|Any CPU
		{6FD8CCDE-EAA0-4295-922B-E59D4B62B659}.Debug-Client|x64.ActiveCfg = Debug|Any CPU
		{6FD8CCDE-EAA0-4295-922B-E59D4B62B659}.Debug-Client|x86.ActiveCfg = Debug|Any CPU
		{6FD8CCDE-EAA0-4295-922B-E59D4B62B659}.Debug-Server|Any CPU.ActiveCfg = Debug|Any CPU
		{6FD8CCDE-EAA0-4295-922B-E59D4B62B659}.Debug-Server|Any CPU.Build.0 = Debug|Any CPU
		{6FD8CCDE-EAA0-4295-922B-E59D4B62B659}.Debug-Server|x64.ActiveCfg = Debug|Any CPU
		{6FD8CCDE-EAA0-4295-922B-E59D4B62B659}.Debug-Server|x86.ActiveCfg = Debug|Any CPU
		{6FD8CCDE-EAA0-4295-922B-E59D4B62B659}.Release|Any CPU.ActiveCfg = Release|Any CPU
		{6FD8CCDE-EAA0-4295-922B-E59D4B62B659}.Release|Any CPU.Build.0 = Release|Any CPU
		{6FD8CCDE-EAA0-4295-922B-E59D4B62B659}.Release|x64.ActiveCfg = Release|Any CPU
		{6FD8CCDE-EAA0-4295-922B-E59D4B62B659}.Release|x86.ActiveCfg = Release|Any CPU
		{6FD8CCDE-EAA0-4295-922B-E59D4B62B659}.Release-Client|Any CPU.ActiveCfg = Release|Any CPU
		{6FD8CCDE-EAA0-4295-922B-E59D4B62B659}.Release-Client|Any CPU.Build.0 = Release|Any CPU
		{6FD8CCDE-EAA0-4295-922B-E59D4B62B659}.Release-Client|x64.ActiveCfg = Release|Any CPU
		{6FD8CCDE-EAA0-4295-922B-E59D4B62B659}.Release-Client|x86.ActiveCfg = Release|Any CPU
		{6FD8CCDE-EAA0-4295-922B-E59D4B62B659}.Release-Server|Any CPU.ActiveCfg = Release|Any CPU
		{6FD8CCDE-EAA0-4295-922B-E59D4B62B659}.Release-Server|Any CPU.Build.0 = Release|Any CPU
		{6FD8CCDE-EAA0-4295-922B-E59D4B62B659}.Release-Server|x64.ActiveCfg = Release|Any CPU
		{6FD8CCDE-EAA0-4295-922B-E59D4B62B659}.Release-Server|x86.ActiveCfg = Release|Any CPU
		{E3832688-C985-44E6-97A2-7BD33821095D}.Debug|Any CPU.ActiveCfg = Debug|Any CPU
		{E3832688-C985-44E6-97A2-7BD33821095D}.Debug|Any CPU.Build.0 = Debug|Any CPU
		{E3832688-C985-44E6-97A2-7BD33821095D}.Debug|x64.ActiveCfg = Debug|Any CPU
		{E3832688-C985-44E6-97A2-7BD33821095D}.Debug|x86.ActiveCfg = Debug|Any CPU
		{E3832688-C985-44E6-97A2-7BD33821095D}.Debug-Client|Any CPU.ActiveCfg = Debug|Any CPU
		{E3832688-C985-44E6-97A2-7BD33821095D}.Debug-Client|Any CPU.Build.0 = Debug|Any CPU
		{E3832688-C985-44E6-97A2-7BD33821095D}.Debug-Client|x64.ActiveCfg = Debug|Any CPU
		{E3832688-C985-44E6-97A2-7BD33821095D}.Debug-Client|x86.ActiveCfg = Debug|Any CPU
		{E3832688-C985-44E6-97A2-7BD33821095D}.Debug-Server|Any CPU.ActiveCfg = Debug|Any CPU
		{E3832688-C985-44E6-97A2-7BD33821095D}.Debug-Server|Any CPU.Build.0 = Debug|Any CPU
		{E3832688-C985-44E6-97A2-7BD33821095D}.Debug-Server|x64.ActiveCfg = Debug|Any CPU
		{E3832688-C985-44E6-97A2-7BD33821095D}.Debug-Server|x86.ActiveCfg = Debug|Any CPU
		{E3832688-C985-44E6-97A2-7BD33821095D}.Release|Any CPU.ActiveCfg = Release|Any CPU
		{E3832688-C985-44E6-97A2-7BD33821095D}.Release|Any CPU.Build.0 = Release|Any CPU
		{E3832688-C985-44E6-97A2-7BD33821095D}.Release|x64.ActiveCfg = Release|Any CPU
		{E3832688-C985-44E6-97A2-7BD33821095D}.Release|x86.ActiveCfg = Release|Any CPU
		{E3832688-C985-44E6-97A2-7BD33821095D}.Release-Client|Any CPU.ActiveCfg = Release|Any CPU
		{E3832688-C985-44E6-97A2-7BD33821095D}.Release-Client|Any CPU.Build.0 = Release|Any CPU
		{E3832688-C985-44E6-97A2-7BD33821095D}.Release-Client|x64.ActiveCfg = Release|Any CPU
		{E3832688-C985-44E6-97A2-7BD33821095D}.Release-Client|x86.ActiveCfg = Release|Any CPU
		{E3832688-C985-44E6-97A2-7BD33821095D}.Release-Server|Any CPU.ActiveCfg = Release|Any CPU
		{E3832688-C985-44E6-97A2-7BD33821095D}.Release-Server|Any CPU.Build.0 = Release|Any CPU
		{E3832688-C985-44E6-97A2-7BD33821095D}.Release-Server|x64.ActiveCfg = Release|Any CPU
		{E3832688-C985-44E6-97A2-7BD33821095D}.Release-Server|x86.ActiveCfg = Release|Any CPU
		{4ACE2501-2B2F-4B6A-9E40-385F31183313}.Debug|Any CPU.ActiveCfg = Debug|Any CPU
		{4ACE2501-2B2F-4B6A-9E40-385F31183313}.Debug|Any CPU.Build.0 = Debug|Any CPU
		{4ACE2501-2B2F-4B6A-9E40-385F31183313}.Debug|x64.ActiveCfg = Debug|Any CPU
		{4ACE2501-2B2F-4B6A-9E40-385F31183313}.Debug|x86.ActiveCfg = Debug|Any CPU
		{4ACE2501-2B2F-4B6A-9E40-385F31183313}.Debug-Client|Any CPU.ActiveCfg = Debug|Any CPU
		{4ACE2501-2B2F-4B6A-9E40-385F31183313}.Debug-Client|Any CPU.Build.0 = Debug|Any CPU
		{4ACE2501-2B2F-4B6A-9E40-385F31183313}.Debug-Client|x64.ActiveCfg = Debug|Any CPU
		{4ACE2501-2B2F-4B6A-9E40-385F31183313}.Debug-Client|x86.ActiveCfg = Debug|Any CPU
		{4ACE2501-2B2F-4B6A-9E40-385F31183313}.Debug-Server|Any CPU.ActiveCfg = Debug|Any CPU
		{4ACE2501-2B2F-4B6A-9E40-385F31183313}.Debug-Server|Any CPU.Build.0 = Debug|Any CPU
		{4ACE2501-2B2F-4B6A-9E40-385F31183313}.Debug-Server|x64.ActiveCfg = Debug|Any CPU
		{4ACE2501-2B2F-4B6A-9E40-385F31183313}.Debug-Server|x86.ActiveCfg = Debug|Any CPU
		{4ACE2501-2B2F-4B6A-9E40-385F31183313}.Release|Any CPU.ActiveCfg = Release|Any CPU
		{4ACE2501-2B2F-4B6A-9E40-385F31183313}.Release|Any CPU.Build.0 = Release|Any CPU
		{4ACE2501-2B2F-4B6A-9E40-385F31183313}.Release|x64.ActiveCfg = Release|Any CPU
		{4ACE2501-2B2F-4B6A-9E40-385F31183313}.Release|x86.ActiveCfg = Release|Any CPU
		{4ACE2501-2B2F-4B6A-9E40-385F31183313}.Release-Client|Any CPU.ActiveCfg = Release|Any CPU
		{4ACE2501-2B2F-4B6A-9E40-385F31183313}.Release-Client|Any CPU.Build.0 = Release|Any CPU
		{4ACE2501-2B2F-4B6A-9E40-385F31183313}.Release-Client|x64.ActiveCfg = Release|Any CPU
		{4ACE2501-2B2F-4B6A-9E40-385F31183313}.Release-Client|x86.ActiveCfg = Release|Any CPU
		{4ACE2501-2B2F-4B6A-9E40-385F31183313}.Release-Server|Any CPU.ActiveCfg = Release|Any CPU
		{4ACE2501-2B2F-4B6A-9E40-385F31183313}.Release-Server|Any CPU.Build.0 = Release|Any CPU
		{4ACE2501-2B2F-4B6A-9E40-385F31183313}.Release-Server|x64.ActiveCfg = Release|Any CPU
		{4ACE2501-2B2F-4B6A-9E40-385F31183313}.Release-Server|x86.ActiveCfg = Release|Any CPU
		{37B5E272-8D1D-4635-9F82-FC03F69F223B}.Debug|Any CPU.ActiveCfg = Debug|Any CPU
		{37B5E272-8D1D-4635-9F82-FC03F69F223B}.Debug|Any CPU.Build.0 = Debug|Any CPU
		{37B5E272-8D1D-4635-9F82-FC03F69F223B}.Debug|x64.ActiveCfg = Debug|Any CPU
		{37B5E272-8D1D-4635-9F82-FC03F69F223B}.Debug|x86.ActiveCfg = Debug|Any CPU
		{37B5E272-8D1D-4635-9F82-FC03F69F223B}.Debug-Client|Any CPU.ActiveCfg = Debug|Any CPU
		{37B5E272-8D1D-4635-9F82-FC03F69F223B}.Debug-Client|x64.ActiveCfg = Debug|Any CPU
		{37B5E272-8D1D-4635-9F82-FC03F69F223B}.Debug-Client|x86.ActiveCfg = Debug|Any CPU
		{37B5E272-8D1D-4635-9F82-FC03F69F223B}.Debug-Server|Any CPU.ActiveCfg = Debug|Any CPU
		{37B5E272-8D1D-4635-9F82-FC03F69F223B}.Debug-Server|x64.ActiveCfg = Debug|Any CPU
		{37B5E272-8D1D-4635-9F82-FC03F69F223B}.Debug-Server|x86.ActiveCfg = Debug|Any CPU
		{37B5E272-8D1D-4635-9F82-FC03F69F223B}.Release|Any CPU.ActiveCfg = Release|Any CPU
		{37B5E272-8D1D-4635-9F82-FC03F69F223B}.Release|Any CPU.Build.0 = Release|Any CPU
		{37B5E272-8D1D-4635-9F82-FC03F69F223B}.Release|x64.ActiveCfg = Release|Any CPU
		{37B5E272-8D1D-4635-9F82-FC03F69F223B}.Release|x86.ActiveCfg = Release|Any CPU
		{37B5E272-8D1D-4635-9F82-FC03F69F223B}.Release-Client|Any CPU.ActiveCfg = Release|Any CPU
		{37B5E272-8D1D-4635-9F82-FC03F69F223B}.Release-Client|x64.ActiveCfg = Release|Any CPU
		{37B5E272-8D1D-4635-9F82-FC03F69F223B}.Release-Client|x86.ActiveCfg = Release|Any CPU
		{37B5E272-8D1D-4635-9F82-FC03F69F223B}.Release-Server|Any CPU.ActiveCfg = Release|Any CPU
		{37B5E272-8D1D-4635-9F82-FC03F69F223B}.Release-Server|x64.ActiveCfg = Release|Any CPU
		{37B5E272-8D1D-4635-9F82-FC03F69F223B}.Release-Server|x86.ActiveCfg = Release|Any CPU
		{03E8E961-877C-4849-A439-C0892F426876}.Debug|Any CPU.ActiveCfg = Debug
		{03E8E961-877C-4849-A439-C0892F426876}.Debug|x64.ActiveCfg = Debug
		{03E8E961-877C-4849-A439-C0892F426876}.Debug|x64.Build.0 = Debug
		{03E8E961-877C-4849-A439-C0892F426876}.Debug|x86.ActiveCfg = Debug
		{03E8E961-877C-4849-A439-C0892F426876}.Debug|x86.Build.0 = Debug
		{03E8E961-877C-4849-A439-C0892F426876}.Debug-Client|Any CPU.ActiveCfg = Debug
		{03E8E961-877C-4849-A439-C0892F426876}.Debug-Client|x64.ActiveCfg = Debug-Client
		{03E8E961-877C-4849-A439-C0892F426876}.Debug-Client|x64.Build.0 = Debug-Client
		{03E8E961-877C-4849-A439-C0892F426876}.Debug-Client|x86.ActiveCfg = Debug-Client
		{03E8E961-877C-4849-A439-C0892F426876}.Debug-Client|x86.Build.0 = Debug-Client
		{03E8E961-877C-4849-A439-C0892F426876}.Debug-Server|Any CPU.ActiveCfg = Debug
		{03E8E961-877C-4849-A439-C0892F426876}.Debug-Server|x64.ActiveCfg = Debug-Client
		{03E8E961-877C-4849-A439-C0892F426876}.Debug-Server|x64.Build.0 = Debug-Client
		{03E8E961-877C-4849-A439-C0892F426876}.Debug-Server|x86.ActiveCfg = Debug-Client
		{03E8E961-877C-4849-A439-C0892F426876}.Debug-Server|x86.Build.0 = Debug-Client
		{03E8E961-877C-4849-A439-C0892F426876}.Release|Any CPU.ActiveCfg = Release
		{03E8E961-877C-4849-A439-C0892F426876}.Release|x64.ActiveCfg = Release
		{03E8E961-877C-4849-A439-C0892F426876}.Release|x64.Build.0 = Release
		{03E8E961-877C-4849-A439-C0892F426876}.Release|x86.ActiveCfg = Release
		{03E8E961-877C-4849-A439-C0892F426876}.Release|x86.Build.0 = Release
		{03E8E961-877C-4849-A439-C0892F426876}.Release-Client|Any CPU.ActiveCfg = Release
		{03E8E961-877C-4849-A439-C0892F426876}.Release-Client|x64.ActiveCfg = Release-Client
		{03E8E961-877C-4849-A439-C0892F426876}.Release-Client|x64.Build.0 = Release-Client
		{03E8E961-877C-4849-A439-C0892F426876}.Release-Client|x86.ActiveCfg = Release-Client
		{03E8E961-877C-4849-A439-C0892F426876}.Release-Client|x86.Build.0 = Release-Client
		{03E8E961-877C-4849-A439-C0892F426876}.Release-Server|Any CPU.ActiveCfg = Release
		{03E8E961-877C-4849-A439-C0892F426876}.Release-Server|x64.ActiveCfg = Release-Client
		{03E8E961-877C-4849-A439-C0892F426876}.Release-Server|x64.Build.0 = Release-Client
		{03E8E961-877C-4849-A439-C0892F426876}.Release-Server|x86.ActiveCfg = Release-Client
		{03E8E961-877C-4849-A439-C0892F426876}.Release-Server|x86.Build.0 = Release-Client
		{9E745BEF-0857-48F3-B987-A77516F1D422}.Debug|Any CPU.ActiveCfg = Debug|Any CPU
		{9E745BEF-0857-48F3-B987-A77516F1D422}.Debug|Any CPU.Build.0 = Debug|Any CPU
		{9E745BEF-0857-48F3-B987-A77516F1D422}.Debug|x64.ActiveCfg = Debug|Any CPU
		{9E745BEF-0857-48F3-B987-A77516F1D422}.Debug|x86.ActiveCfg = Debug|Any CPU
		{9E745BEF-0857-48F3-B987-A77516F1D422}.Debug-Client|Any CPU.ActiveCfg = Debug|Any CPU
		{9E745BEF-0857-48F3-B987-A77516F1D422}.Debug-Client|x64.ActiveCfg = Debug|Any CPU
		{9E745BEF-0857-48F3-B987-A77516F1D422}.Debug-Client|x86.ActiveCfg = Debug|Any CPU
		{9E745BEF-0857-48F3-B987-A77516F1D422}.Debug-Server|Any CPU.ActiveCfg = Debug|Any CPU
		{9E745BEF-0857-48F3-B987-A77516F1D422}.Debug-Server|Any CPU.Build.0 = Debug|Any CPU
		{9E745BEF-0857-48F3-B987-A77516F1D422}.Debug-Server|x64.ActiveCfg = Debug|Any CPU
		{9E745BEF-0857-48F3-B987-A77516F1D422}.Debug-Server|x86.ActiveCfg = Debug|Any CPU
		{9E745BEF-0857-48F3-B987-A77516F1D422}.Release|Any CPU.ActiveCfg = Release|Any CPU
		{9E745BEF-0857-48F3-B987-A77516F1D422}.Release|Any CPU.Build.0 = Release|Any CPU
		{9E745BEF-0857-48F3-B987-A77516F1D422}.Release|x64.ActiveCfg = Release|Any CPU
		{9E745BEF-0857-48F3-B987-A77516F1D422}.Release|x86.ActiveCfg = Release|Any CPU
		{9E745BEF-0857-48F3-B987-A77516F1D422}.Release-Client|Any CPU.ActiveCfg = Release|Any CPU
		{9E745BEF-0857-48F3-B987-A77516F1D422}.Release-Client|x64.ActiveCfg = Release|Any CPU
		{9E745BEF-0857-48F3-B987-A77516F1D422}.Release-Client|x86.ActiveCfg = Release|Any CPU
		{9E745BEF-0857-48F3-B987-A77516F1D422}.Release-Server|Any CPU.ActiveCfg = Release|Any CPU
		{9E745BEF-0857-48F3-B987-A77516F1D422}.Release-Server|Any CPU.Build.0 = Release|Any CPU
		{9E745BEF-0857-48F3-B987-A77516F1D422}.Release-Server|x64.ActiveCfg = Release|Any CPU
		{9E745BEF-0857-48F3-B987-A77516F1D422}.Release-Server|x86.ActiveCfg = Release|Any CPU
		{DD9D2EA6-01B9-44E0-A16D-1B09DB3340FF}.Debug|Any CPU.ActiveCfg = Debug|Any CPU
		{DD9D2EA6-01B9-44E0-A16D-1B09DB3340FF}.Debug|Any CPU.Build.0 = Debug|Any CPU
		{DD9D2EA6-01B9-44E0-A16D-1B09DB3340FF}.Debug|x64.ActiveCfg = Debug|Any CPU
		{DD9D2EA6-01B9-44E0-A16D-1B09DB3340FF}.Debug|x86.ActiveCfg = Debug|Any CPU
		{DD9D2EA6-01B9-44E0-A16D-1B09DB3340FF}.Debug-Client|Any CPU.ActiveCfg = Debug|Any CPU
		{DD9D2EA6-01B9-44E0-A16D-1B09DB3340FF}.Debug-Client|Any CPU.Build.0 = Debug|Any CPU
		{DD9D2EA6-01B9-44E0-A16D-1B09DB3340FF}.Debug-Client|x64.ActiveCfg = Debug|Any CPU
		{DD9D2EA6-01B9-44E0-A16D-1B09DB3340FF}.Debug-Client|x86.ActiveCfg = Debug|Any CPU
		{DD9D2EA6-01B9-44E0-A16D-1B09DB3340FF}.Debug-Server|Any CPU.ActiveCfg = Debug|Any CPU
		{DD9D2EA6-01B9-44E0-A16D-1B09DB3340FF}.Debug-Server|x64.ActiveCfg = Debug|Any CPU
		{DD9D2EA6-01B9-44E0-A16D-1B09DB3340FF}.Debug-Server|x86.ActiveCfg = Debug|Any CPU
		{DD9D2EA6-01B9-44E0-A16D-1B09DB3340FF}.Release|Any CPU.ActiveCfg = Release|Any CPU
		{DD9D2EA6-01B9-44E0-A16D-1B09DB3340FF}.Release|Any CPU.Build.0 = Release|Any CPU
		{DD9D2EA6-01B9-44E0-A16D-1B09DB3340FF}.Release|x64.ActiveCfg = Release|Any CPU
		{DD9D2EA6-01B9-44E0-A16D-1B09DB3340FF}.Release|x86.ActiveCfg = Release|Any CPU
		{DD9D2EA6-01B9-44E0-A16D-1B09DB3340FF}.Release-Client|Any CPU.ActiveCfg = Release|Any CPU
		{DD9D2EA6-01B9-44E0-A16D-1B09DB3340FF}.Release-Client|Any CPU.Build.0 = Release|Any CPU
		{DD9D2EA6-01B9-44E0-A16D-1B09DB3340FF}.Release-Client|x64.ActiveCfg = Release|Any CPU
		{DD9D2EA6-01B9-44E0-A16D-1B09DB3340FF}.Release-Client|x86.ActiveCfg = Release|Any CPU
		{DD9D2EA6-01B9-44E0-A16D-1B09DB3340FF}.Release-Server|Any CPU.ActiveCfg = Release|Any CPU
		{DD9D2EA6-01B9-44E0-A16D-1B09DB3340FF}.Release-Server|x64.ActiveCfg = Release|Any CPU
		{DD9D2EA6-01B9-44E0-A16D-1B09DB3340FF}.Release-Server|x86.ActiveCfg = Release|Any CPU
		{C75532C4-765B-418E-B09B-46D36B2ABDB1}.Debug|Any CPU.ActiveCfg = Debug|Any CPU
		{C75532C4-765B-418E-B09B-46D36B2ABDB1}.Debug|Any CPU.Build.0 = Debug|Any CPU
		{C75532C4-765B-418E-B09B-46D36B2ABDB1}.Debug|x64.ActiveCfg = Debug|Any CPU
		{C75532C4-765B-418E-B09B-46D36B2ABDB1}.Debug|x86.ActiveCfg = Debug|Any CPU
		{C75532C4-765B-418E-B09B-46D36B2ABDB1}.Debug-Client|Any CPU.ActiveCfg = Debug|Any CPU
		{C75532C4-765B-418E-B09B-46D36B2ABDB1}.Debug-Client|Any CPU.Build.0 = Debug|Any CPU
		{C75532C4-765B-418E-B09B-46D36B2ABDB1}.Debug-Client|x64.ActiveCfg = Debug|Any CPU
		{C75532C4-765B-418E-B09B-46D36B2ABDB1}.Debug-Client|x86.ActiveCfg = Debug|Any CPU
		{C75532C4-765B-418E-B09B-46D36B2ABDB1}.Debug-Server|Any CPU.ActiveCfg = Debug|Any CPU
		{C75532C4-765B-418E-B09B-46D36B2ABDB1}.Debug-Server|Any CPU.Build.0 = Debug|Any CPU
		{C75532C4-765B-418E-B09B-46D36B2ABDB1}.Debug-Server|x64.ActiveCfg = Debug|Any CPU
		{C75532C4-765B-418E-B09B-46D36B2ABDB1}.Debug-Server|x86.ActiveCfg = Debug|Any CPU
		{C75532C4-765B-418E-B09B-46D36B2ABDB1}.Release|Any CPU.ActiveCfg = Release|Any CPU
		{C75532C4-765B-418E-B09B-46D36B2ABDB1}.Release|Any CPU.Build.0 = Release|Any CPU
		{C75532C4-765B-418E-B09B-46D36B2ABDB1}.Release|x64.ActiveCfg = Release|Any CPU
		{C75532C4-765B-418E-B09B-46D36B2ABDB1}.Release|x86.ActiveCfg = Release|Any CPU
		{C75532C4-765B-418E-B09B-46D36B2ABDB1}.Release-Client|Any CPU.ActiveCfg = Release|Any CPU
		{C75532C4-765B-418E-B09B-46D36B2ABDB1}.Release-Client|Any CPU.Build.0 = Release|Any CPU
		{C75532C4-765B-418E-B09B-46D36B2ABDB1}.Release-Client|x64.ActiveCfg = Release|Any CPU
		{C75532C4-765B-418E-B09B-46D36B2ABDB1}.Release-Client|x86.ActiveCfg = Release|Any CPU
		{C75532C4-765B-418E-B09B-46D36B2ABDB1}.Release-Server|Any CPU.ActiveCfg = Release|Any CPU
		{C75532C4-765B-418E-B09B-46D36B2ABDB1}.Release-Server|Any CPU.Build.0 = Release|Any CPU
		{C75532C4-765B-418E-B09B-46D36B2ABDB1}.Release-Server|x64.ActiveCfg = Release|Any CPU
		{C75532C4-765B-418E-B09B-46D36B2ABDB1}.Release-Server|x86.ActiveCfg = Release|Any CPU
		{02574FE0-D383-4EBB-8422-77C1CD324FBA}.Debug|Any CPU.ActiveCfg = Debug|Any CPU
		{02574FE0-D383-4EBB-8422-77C1CD324FBA}.Debug|Any CPU.Build.0 = Debug|Any CPU
		{02574FE0-D383-4EBB-8422-77C1CD324FBA}.Debug|x64.ActiveCfg = Debug|Any CPU
		{02574FE0-D383-4EBB-8422-77C1CD324FBA}.Debug|x86.ActiveCfg = Debug|Any CPU
		{02574FE0-D383-4EBB-8422-77C1CD324FBA}.Debug-Client|Any CPU.ActiveCfg = Debug|Any CPU
		{02574FE0-D383-4EBB-8422-77C1CD324FBA}.Debug-Client|Any CPU.Build.0 = Debug|Any CPU
		{02574FE0-D383-4EBB-8422-77C1CD324FBA}.Debug-Client|x64.ActiveCfg = Debug|Any CPU
		{02574FE0-D383-4EBB-8422-77C1CD324FBA}.Debug-Client|x86.ActiveCfg = Debug|Any CPU
		{02574FE0-D383-4EBB-8422-77C1CD324FBA}.Debug-Server|Any CPU.ActiveCfg = Debug|Any CPU
		{02574FE0-D383-4EBB-8422-77C1CD324FBA}.Debug-Server|Any CPU.Build.0 = Debug|Any CPU
		{02574FE0-D383-4EBB-8422-77C1CD324FBA}.Debug-Server|x64.ActiveCfg = Debug|Any CPU
		{02574FE0-D383-4EBB-8422-77C1CD324FBA}.Debug-Server|x86.ActiveCfg = Debug|Any CPU
		{02574FE0-D383-4EBB-8422-77C1CD324FBA}.Release|Any CPU.ActiveCfg = Release|Any CPU
		{02574FE0-D383-4EBB-8422-77C1CD324FBA}.Release|Any CPU.Build.0 = Release|Any CPU
		{02574FE0-D383-4EBB-8422-77C1CD324FBA}.Release|x64.ActiveCfg = Release|Any CPU
		{02574FE0-D383-4EBB-8422-77C1CD324FBA}.Release|x86.ActiveCfg = Release|Any CPU
		{02574FE0-D383-4EBB-8422-77C1CD324FBA}.Release-Client|Any CPU.ActiveCfg = Release|Any CPU
		{02574FE0-D383-4EBB-8422-77C1CD324FBA}.Release-Client|Any CPU.Build.0 = Release|Any CPU
		{02574FE0-D383-4EBB-8422-77C1CD324FBA}.Release-Client|x64.ActiveCfg = Release|Any CPU
		{02574FE0-D383-4EBB-8422-77C1CD324FBA}.Release-Client|x86.ActiveCfg = Release|Any CPU
		{02574FE0-D383-4EBB-8422-77C1CD324FBA}.Release-Server|Any CPU.ActiveCfg = Release|Any CPU
		{02574FE0-D383-4EBB-8422-77C1CD324FBA}.Release-Server|Any CPU.Build.0 = Release|Any CPU
		{02574FE0-D383-4EBB-8422-77C1CD324FBA}.Release-Server|x64.ActiveCfg = Release|Any CPU
		{02574FE0-D383-4EBB-8422-77C1CD324FBA}.Release-Server|x86.ActiveCfg = Release|Any CPU
		{D24B5062-5063-40F7-AB8A-6F43C429ED10}.Debug|Any CPU.ActiveCfg = Debug
		{D24B5062-5063-40F7-AB8A-6F43C429ED10}.Debug|x64.ActiveCfg = Debug
		{D24B5062-5063-40F7-AB8A-6F43C429ED10}.Debug|x64.Build.0 = Debug
		{D24B5062-5063-40F7-AB8A-6F43C429ED10}.Debug|x86.ActiveCfg = Debug
		{D24B5062-5063-40F7-AB8A-6F43C429ED10}.Debug|x86.Build.0 = Debug
		{D24B5062-5063-40F7-AB8A-6F43C429ED10}.Debug-Client|Any CPU.ActiveCfg = Debug
		{D24B5062-5063-40F7-AB8A-6F43C429ED10}.Debug-Client|x64.ActiveCfg = Debug
		{D24B5062-5063-40F7-AB8A-6F43C429ED10}.Debug-Client|x64.Build.0 = Debug
		{D24B5062-5063-40F7-AB8A-6F43C429ED10}.Debug-Client|x86.ActiveCfg = Debug
		{D24B5062-5063-40F7-AB8A-6F43C429ED10}.Debug-Client|x86.Build.0 = Debug
		{D24B5062-5063-40F7-AB8A-6F43C429ED10}.Debug-Server|Any CPU.ActiveCfg = Debug
		{D24B5062-5063-40F7-AB8A-6F43C429ED10}.Debug-Server|x64.ActiveCfg = Debug
		{D24B5062-5063-40F7-AB8A-6F43C429ED10}.Debug-Server|x64.Build.0 = Debug
		{D24B5062-5063-40F7-AB8A-6F43C429ED10}.Debug-Server|x86.ActiveCfg = Debug
		{D24B5062-5063-40F7-AB8A-6F43C429ED10}.Debug-Server|x86.Build.0 = Debug
		{D24B5062-5063-40F7-AB8A-6F43C429ED10}.Release|Any CPU.ActiveCfg = Release
		{D24B5062-5063-40F7-AB8A-6F43C429ED10}.Release|x64.ActiveCfg = Release
		{D24B5062-5063-40F7-AB8A-6F43C429ED10}.Release|x64.Build.0 = Release
		{D24B5062-5063-40F7-AB8A-6F43C429ED10}.Release|x86.ActiveCfg = Release
		{D24B5062-5063-40F7-AB8A-6F43C429ED10}.Release|x86.Build.0 = Release
		{D24B5062-5063-40F7-AB8A-6F43C429ED10}.Release-Client|Any CPU.ActiveCfg = Release
		{D24B5062-5063-40F7-AB8A-6F43C429ED10}.Release-Client|x64.ActiveCfg = Release
		{D24B5062-5063-40F7-AB8A-6F43C429ED10}.Release-Client|x64.Build.0 = Release
		{D24B5062-5063-40F7-AB8A-6F43C429ED10}.Release-Client|x86.ActiveCfg = Release
		{D24B5062-5063-40F7-AB8A-6F43C429ED10}.Release-Client|x86.Build.0 = Release
		{D24B5062-5063-40F7-AB8A-6F43C429ED10}.Release-Server|Any CPU.ActiveCfg = Release
		{D24B5062-5063-40F7-AB8A-6F43C429ED10}.Release-Server|x64.ActiveCfg = Release
		{D24B5062-5063-40F7-AB8A-6F43C429ED10}.Release-Server|x64.Build.0 = Release
		{D24B5062-5063-40F7-AB8A-6F43C429ED10}.Release-Server|x86.ActiveCfg = Release
		{D24B5062-5063-40F7-AB8A-6F43C429ED10}.Release-Server|x86.Build.0 = Release
		{CBD83531-B9D1-45B6-B725-3BD7A5626D1A}.Debug|Any CPU.ActiveCfg = Debug|Any CPU
		{CBD83531-B9D1-45B6-B725-3BD7A5626D1A}.Debug|Any CPU.Build.0 = Debug|Any CPU
		{CBD83531-B9D1-45B6-B725-3BD7A5626D1A}.Debug|x64.ActiveCfg = Debug|Any CPU
		{CBD83531-B9D1-45B6-B725-3BD7A5626D1A}.Debug|x86.ActiveCfg = Debug|Any CPU
		{CBD83531-B9D1-45B6-B725-3BD7A5626D1A}.Debug-Client|Any CPU.ActiveCfg = Debug|Any CPU
		{CBD83531-B9D1-45B6-B725-3BD7A5626D1A}.Debug-Client|Any CPU.Build.0 = Debug|Any CPU
		{CBD83531-B9D1-45B6-B725-3BD7A5626D1A}.Debug-Client|x64.ActiveCfg = Debug|Any CPU
		{CBD83531-B9D1-45B6-B725-3BD7A5626D1A}.Debug-Client|x86.ActiveCfg = Debug|Any CPU
		{CBD83531-B9D1-45B6-B725-3BD7A5626D1A}.Debug-Server|Any CPU.ActiveCfg = Debug|Any CPU
		{CBD83531-B9D1-45B6-B725-3BD7A5626D1A}.Debug-Server|Any CPU.Build.0 = Debug|Any CPU
		{CBD83531-B9D1-45B6-B725-3BD7A5626D1A}.Debug-Server|x64.ActiveCfg = Debug|Any CPU
		{CBD83531-B9D1-45B6-B725-3BD7A5626D1A}.Debug-Server|x86.ActiveCfg = Debug|Any CPU
		{CBD83531-B9D1-45B6-B725-3BD7A5626D1A}.Release|Any CPU.ActiveCfg = Release|Any CPU
		{CBD83531-B9D1-45B6-B725-3BD7A5626D1A}.Release|Any CPU.Build.0 = Release|Any CPU
		{CBD83531-B9D1-45B6-B725-3BD7A5626D1A}.Release|x64.ActiveCfg = Release|Any CPU
		{CBD83531-B9D1-45B6-B725-3BD7A5626D1A}.Release|x86.ActiveCfg = Release|Any CPU
		{CBD83531-B9D1-45B6-B725-3BD7A5626D1A}.Release-Client|Any CPU.ActiveCfg = Release|Any CPU
		{CBD83531-B9D1-45B6-B725-3BD7A5626D1A}.Release-Client|Any CPU.Build.0 = Release|Any CPU
		{CBD83531-B9D1-45B6-B725-3BD7A5626D1A}.Release-Client|x64.ActiveCfg = Release|Any CPU
		{CBD83531-B9D1-45B6-B725-3BD7A5626D1A}.Release-Client|x86.ActiveCfg = Release|Any CPU
		{CBD83531-B9D1-45B6-B725-3BD7A5626D1A}.Release-Server|Any CPU.ActiveCfg = Release|Any CPU
		{CBD83531-B9D1-45B6-B725-3BD7A5626D1A}.Release-Server|Any CPU.Build.0 = Release|Any CPU
		{CBD83531-B9D1-45B6-B725-3BD7A5626D1A}.Release-Server|x64.ActiveCfg = Release|Any CPU
		{CBD83531-B9D1-45B6-B725-3BD7A5626D1A}.Release-Server|x86.ActiveCfg = Release|Any CPU
		{C5EDE427-B58C-4DE4-AEA9-87211D13FE40}.Debug|Any CPU.ActiveCfg = Debug|Any CPU
		{C5EDE427-B58C-4DE4-AEA9-87211D13FE40}.Debug|Any CPU.Build.0 = Debug|Any CPU
		{C5EDE427-B58C-4DE4-AEA9-87211D13FE40}.Debug|x64.ActiveCfg = Debug|Any CPU
		{C5EDE427-B58C-4DE4-AEA9-87211D13FE40}.Debug|x86.ActiveCfg = Debug|Any CPU
		{C5EDE427-B58C-4DE4-AEA9-87211D13FE40}.Debug-Client|Any CPU.ActiveCfg = Debug|Any CPU
		{C5EDE427-B58C-4DE4-AEA9-87211D13FE40}.Debug-Client|Any CPU.Build.0 = Debug|Any CPU
		{C5EDE427-B58C-4DE4-AEA9-87211D13FE40}.Debug-Client|x64.ActiveCfg = Debug|Any CPU
		{C5EDE427-B58C-4DE4-AEA9-87211D13FE40}.Debug-Client|x86.ActiveCfg = Debug|Any CPU
		{C5EDE427-B58C-4DE4-AEA9-87211D13FE40}.Debug-Server|Any CPU.ActiveCfg = Debug|Any CPU
		{C5EDE427-B58C-4DE4-AEA9-87211D13FE40}.Debug-Server|Any CPU.Build.0 = Debug|Any CPU
		{C5EDE427-B58C-4DE4-AEA9-87211D13FE40}.Debug-Server|x64.ActiveCfg = Debug|Any CPU
		{C5EDE427-B58C-4DE4-AEA9-87211D13FE40}.Debug-Server|x86.ActiveCfg = Debug|Any CPU
		{C5EDE427-B58C-4DE4-AEA9-87211D13FE40}.Release|Any CPU.ActiveCfg = Release|Any CPU
		{C5EDE427-B58C-4DE4-AEA9-87211D13FE40}.Release|Any CPU.Build.0 = Release|Any CPU
		{C5EDE427-B58C-4DE4-AEA9-87211D13FE40}.Release|x64.ActiveCfg = Release|Any CPU
		{C5EDE427-B58C-4DE4-AEA9-87211D13FE40}.Release|x86.ActiveCfg = Release|Any CPU
		{C5EDE427-B58C-4DE4-AEA9-87211D13FE40}.Release-Client|Any CPU.ActiveCfg = Release|Any CPU
		{C5EDE427-B58C-4DE4-AEA9-87211D13FE40}.Release-Client|Any CPU.Build.0 = Release|Any CPU
		{C5EDE427-B58C-4DE4-AEA9-87211D13FE40}.Release-Client|x64.ActiveCfg = Release|Any CPU
		{C5EDE427-B58C-4DE4-AEA9-87211D13FE40}.Release-Client|x86.ActiveCfg = Release|Any CPU
		{C5EDE427-B58C-4DE4-AEA9-87211D13FE40}.Release-Server|Any CPU.ActiveCfg = Release|Any CPU
		{C5EDE427-B58C-4DE4-AEA9-87211D13FE40}.Release-Server|Any CPU.Build.0 = Release|Any CPU
		{C5EDE427-B58C-4DE4-AEA9-87211D13FE40}.Release-Server|x64.ActiveCfg = Release|Any CPU
		{C5EDE427-B58C-4DE4-AEA9-87211D13FE40}.Release-Server|x86.ActiveCfg = Release|Any CPU
		{88E5C082-DC7B-4E86-9710-F41961604A81}.Debug|Any CPU.ActiveCfg = Debug|Any CPU
		{88E5C082-DC7B-4E86-9710-F41961604A81}.Debug|Any CPU.Build.0 = Debug|Any CPU
		{88E5C082-DC7B-4E86-9710-F41961604A81}.Debug|x64.ActiveCfg = Debug|Any CPU
		{88E5C082-DC7B-4E86-9710-F41961604A81}.Debug|x86.ActiveCfg = Debug|Any CPU
		{88E5C082-DC7B-4E86-9710-F41961604A81}.Debug-Client|Any CPU.ActiveCfg = Debug|Any CPU
		{88E5C082-DC7B-4E86-9710-F41961604A81}.Debug-Client|Any CPU.Build.0 = Debug|Any CPU
		{88E5C082-DC7B-4E86-9710-F41961604A81}.Debug-Client|x64.ActiveCfg = Debug|Any CPU
		{88E5C082-DC7B-4E86-9710-F41961604A81}.Debug-Client|x86.ActiveCfg = Debug|Any CPU
		{88E5C082-DC7B-4E86-9710-F41961604A81}.Debug-Server|Any CPU.ActiveCfg = Debug|Any CPU
		{88E5C082-DC7B-4E86-9710-F41961604A81}.Debug-Server|Any CPU.Build.0 = Debug|Any CPU
		{88E5C082-DC7B-4E86-9710-F41961604A81}.Debug-Server|x64.ActiveCfg = Debug|Any CPU
		{88E5C082-DC7B-4E86-9710-F41961604A81}.Debug-Server|x86.ActiveCfg = Debug|Any CPU
		{88E5C082-DC7B-4E86-9710-F41961604A81}.Release|Any CPU.ActiveCfg = Release|Any CPU
		{88E5C082-DC7B-4E86-9710-F41961604A81}.Release|Any CPU.Build.0 = Release|Any CPU
		{88E5C082-DC7B-4E86-9710-F41961604A81}.Release|x64.ActiveCfg = Release|Any CPU
		{88E5C082-DC7B-4E86-9710-F41961604A81}.Release|x86.ActiveCfg = Release|Any CPU
		{88E5C082-DC7B-4E86-9710-F41961604A81}.Release-Client|Any CPU.ActiveCfg = Release|Any CPU
		{88E5C082-DC7B-4E86-9710-F41961604A81}.Release-Client|Any CPU.Build.0 = Release|Any CPU
		{88E5C082-DC7B-4E86-9710-F41961604A81}.Release-Client|x64.ActiveCfg = Release|Any CPU
		{88E5C082-DC7B-4E86-9710-F41961604A81}.Release-Client|x86.ActiveCfg = Release|Any CPU
		{88E5C082-DC7B-4E86-9710-F41961604A81}.Release-Server|Any CPU.ActiveCfg = Release|Any CPU
		{88E5C082-DC7B-4E86-9710-F41961604A81}.Release-Server|Any CPU.Build.0 = Release|Any CPU
		{88E5C082-DC7B-4E86-9710-F41961604A81}.Release-Server|x64.ActiveCfg = Release|Any CPU
		{88E5C082-DC7B-4E86-9710-F41961604A81}.Release-Server|x86.ActiveCfg = Release|Any CPU
		{ECA0C117-A374-4DEF-A69A-203FD012EE01}.Debug|Any CPU.ActiveCfg = Debug|Any CPU
		{ECA0C117-A374-4DEF-A69A-203FD012EE01}.Debug|Any CPU.Build.0 = Debug|Any CPU
		{ECA0C117-A374-4DEF-A69A-203FD012EE01}.Debug|x64.ActiveCfg = Debug|x64
		{ECA0C117-A374-4DEF-A69A-203FD012EE01}.Debug|x64.Build.0 = Debug|x64
		{ECA0C117-A374-4DEF-A69A-203FD012EE01}.Debug|x86.ActiveCfg = Debug|x86
		{ECA0C117-A374-4DEF-A69A-203FD012EE01}.Debug|x86.Build.0 = Debug|x86
		{ECA0C117-A374-4DEF-A69A-203FD012EE01}.Debug-Client|Any CPU.ActiveCfg = Debug|Any CPU
		{ECA0C117-A374-4DEF-A69A-203FD012EE01}.Debug-Client|Any CPU.Build.0 = Debug|Any CPU
		{ECA0C117-A374-4DEF-A69A-203FD012EE01}.Debug-Client|x64.ActiveCfg = Debug|x64
		{ECA0C117-A374-4DEF-A69A-203FD012EE01}.Debug-Client|x64.Build.0 = Debug|x64
		{ECA0C117-A374-4DEF-A69A-203FD012EE01}.Debug-Client|x86.ActiveCfg = Debug|x86
		{ECA0C117-A374-4DEF-A69A-203FD012EE01}.Debug-Client|x86.Build.0 = Debug|x86
		{ECA0C117-A374-4DEF-A69A-203FD012EE01}.Debug-Server|Any CPU.ActiveCfg = Debug|Any CPU
		{ECA0C117-A374-4DEF-A69A-203FD012EE01}.Debug-Server|Any CPU.Build.0 = Debug|Any CPU
		{ECA0C117-A374-4DEF-A69A-203FD012EE01}.Debug-Server|x64.ActiveCfg = Debug|x64
		{ECA0C117-A374-4DEF-A69A-203FD012EE01}.Debug-Server|x64.Build.0 = Debug|x64
		{ECA0C117-A374-4DEF-A69A-203FD012EE01}.Debug-Server|x86.ActiveCfg = Debug|x86
		{ECA0C117-A374-4DEF-A69A-203FD012EE01}.Debug-Server|x86.Build.0 = Debug|x86
		{ECA0C117-A374-4DEF-A69A-203FD012EE01}.Release|Any CPU.ActiveCfg = Release|Any CPU
		{ECA0C117-A374-4DEF-A69A-203FD012EE01}.Release|Any CPU.Build.0 = Release|Any CPU
		{ECA0C117-A374-4DEF-A69A-203FD012EE01}.Release|x64.ActiveCfg = Release|x64
		{ECA0C117-A374-4DEF-A69A-203FD012EE01}.Release|x64.Build.0 = Release|x64
		{ECA0C117-A374-4DEF-A69A-203FD012EE01}.Release|x86.ActiveCfg = Release|x86
		{ECA0C117-A374-4DEF-A69A-203FD012EE01}.Release|x86.Build.0 = Release|x86
		{ECA0C117-A374-4DEF-A69A-203FD012EE01}.Release-Client|Any CPU.ActiveCfg = Release|Any CPU
		{ECA0C117-A374-4DEF-A69A-203FD012EE01}.Release-Client|Any CPU.Build.0 = Release|Any CPU
		{ECA0C117-A374-4DEF-A69A-203FD012EE01}.Release-Client|x64.ActiveCfg = Release|x64
		{ECA0C117-A374-4DEF-A69A-203FD012EE01}.Release-Client|x64.Build.0 = Release|x64
		{ECA0C117-A374-4DEF-A69A-203FD012EE01}.Release-Client|x86.ActiveCfg = Release|x86
		{ECA0C117-A374-4DEF-A69A-203FD012EE01}.Release-Client|x86.Build.0 = Release|x86
		{ECA0C117-A374-4DEF-A69A-203FD012EE01}.Release-Server|Any CPU.ActiveCfg = Release|Any CPU
		{ECA0C117-A374-4DEF-A69A-203FD012EE01}.Release-Server|Any CPU.Build.0 = Release|Any CPU
		{ECA0C117-A374-4DEF-A69A-203FD012EE01}.Release-Server|x64.ActiveCfg = Release|x64
		{ECA0C117-A374-4DEF-A69A-203FD012EE01}.Release-Server|x64.Build.0 = Release|x64
		{ECA0C117-A374-4DEF-A69A-203FD012EE01}.Release-Server|x86.ActiveCfg = Release|x86
		{ECA0C117-A374-4DEF-A69A-203FD012EE01}.Release-Server|x86.Build.0 = Release|x86
		{8F71AF73-2A13-4A8F-8992-4D33AA67B496}.Debug|Any CPU.ActiveCfg = Debug|Any CPU
		{8F71AF73-2A13-4A8F-8992-4D33AA67B496}.Debug|Any CPU.Build.0 = Debug|Any CPU
		{8F71AF73-2A13-4A8F-8992-4D33AA67B496}.Debug|x64.ActiveCfg = Debug|Any CPU
		{8F71AF73-2A13-4A8F-8992-4D33AA67B496}.Debug|x86.ActiveCfg = Debug|Any CPU
		{8F71AF73-2A13-4A8F-8992-4D33AA67B496}.Debug-Client|Any CPU.ActiveCfg = Debug|Any CPU
		{8F71AF73-2A13-4A8F-8992-4D33AA67B496}.Debug-Client|Any CPU.Build.0 = Debug|Any CPU
		{8F71AF73-2A13-4A8F-8992-4D33AA67B496}.Debug-Client|x64.ActiveCfg = Debug|Any CPU
		{8F71AF73-2A13-4A8F-8992-4D33AA67B496}.Debug-Client|x86.ActiveCfg = Debug|Any CPU
		{8F71AF73-2A13-4A8F-8992-4D33AA67B496}.Debug-Server|Any CPU.ActiveCfg = Debug|Any CPU
		{8F71AF73-2A13-4A8F-8992-4D33AA67B496}.Debug-Server|Any CPU.Build.0 = Debug|Any CPU
		{8F71AF73-2A13-4A8F-8992-4D33AA67B496}.Debug-Server|x64.ActiveCfg = Debug|Any CPU
		{8F71AF73-2A13-4A8F-8992-4D33AA67B496}.Debug-Server|x86.ActiveCfg = Debug|Any CPU
		{8F71AF73-2A13-4A8F-8992-4D33AA67B496}.Release|Any CPU.ActiveCfg = Release|Any CPU
		{8F71AF73-2A13-4A8F-8992-4D33AA67B496}.Release|Any CPU.Build.0 = Release|Any CPU
		{8F71AF73-2A13-4A8F-8992-4D33AA67B496}.Release|x64.ActiveCfg = Release|Any CPU
		{8F71AF73-2A13-4A8F-8992-4D33AA67B496}.Release|x86.ActiveCfg = Release|Any CPU
		{8F71AF73-2A13-4A8F-8992-4D33AA67B496}.Release-Client|Any CPU.ActiveCfg = Release|Any CPU
		{8F71AF73-2A13-4A8F-8992-4D33AA67B496}.Release-Client|Any CPU.Build.0 = Release|Any CPU
		{8F71AF73-2A13-4A8F-8992-4D33AA67B496}.Release-Client|x64.ActiveCfg = Release|Any CPU
		{8F71AF73-2A13-4A8F-8992-4D33AA67B496}.Release-Client|x86.ActiveCfg = Release|Any CPU
		{8F71AF73-2A13-4A8F-8992-4D33AA67B496}.Release-Server|Any CPU.ActiveCfg = Release|Any CPU
		{8F71AF73-2A13-4A8F-8992-4D33AA67B496}.Release-Server|Any CPU.Build.0 = Release|Any CPU
		{8F71AF73-2A13-4A8F-8992-4D33AA67B496}.Release-Server|x64.ActiveCfg = Release|Any CPU
		{8F71AF73-2A13-4A8F-8992-4D33AA67B496}.Release-Server|x86.ActiveCfg = Release|Any CPU
		{6277CB49-E329-4C47-BCFB-989028CE1934}.Debug|Any CPU.ActiveCfg = Debug
		{6277CB49-E329-4C47-BCFB-989028CE1934}.Debug|x64.ActiveCfg = Debug
		{6277CB49-E329-4C47-BCFB-989028CE1934}.Debug|x86.ActiveCfg = Debug
		{6277CB49-E329-4C47-BCFB-989028CE1934}.Debug-Client|Any CPU.ActiveCfg = Debug
		{6277CB49-E329-4C47-BCFB-989028CE1934}.Debug-Client|x64.ActiveCfg = Debug
		{6277CB49-E329-4C47-BCFB-989028CE1934}.Debug-Client|x86.ActiveCfg = Debug
		{6277CB49-E329-4C47-BCFB-989028CE1934}.Debug-Server|Any CPU.ActiveCfg = Debug
		{6277CB49-E329-4C47-BCFB-989028CE1934}.Debug-Server|x64.ActiveCfg = Debug
		{6277CB49-E329-4C47-BCFB-989028CE1934}.Debug-Server|x86.ActiveCfg = Debug
		{6277CB49-E329-4C47-BCFB-989028CE1934}.Release|Any CPU.ActiveCfg = Release
		{6277CB49-E329-4C47-BCFB-989028CE1934}.Release|x64.ActiveCfg = Release
		{6277CB49-E329-4C47-BCFB-989028CE1934}.Release|x86.ActiveCfg = Release
		{6277CB49-E329-4C47-BCFB-989028CE1934}.Release-Client|Any CPU.ActiveCfg = Release
		{6277CB49-E329-4C47-BCFB-989028CE1934}.Release-Client|x64.ActiveCfg = Release
		{6277CB49-E329-4C47-BCFB-989028CE1934}.Release-Client|x86.ActiveCfg = Release
		{6277CB49-E329-4C47-BCFB-989028CE1934}.Release-Server|Any CPU.ActiveCfg = Release
		{6277CB49-E329-4C47-BCFB-989028CE1934}.Release-Server|x64.ActiveCfg = Release
		{6277CB49-E329-4C47-BCFB-989028CE1934}.Release-Server|x86.ActiveCfg = Release
		{965F6840-257B-4BCC-A704-60F0FD9BA870}.Debug|Any CPU.ActiveCfg = Debug
		{965F6840-257B-4BCC-A704-60F0FD9BA870}.Debug|x64.ActiveCfg = Debug
		{965F6840-257B-4BCC-A704-60F0FD9BA870}.Debug|x86.ActiveCfg = Debug
		{965F6840-257B-4BCC-A704-60F0FD9BA870}.Debug-Client|Any CPU.ActiveCfg = Debug
		{965F6840-257B-4BCC-A704-60F0FD9BA870}.Debug-Client|x64.ActiveCfg = Debug
		{965F6840-257B-4BCC-A704-60F0FD9BA870}.Debug-Client|x86.ActiveCfg = Debug
		{965F6840-257B-4BCC-A704-60F0FD9BA870}.Debug-Server|Any CPU.ActiveCfg = Debug
		{965F6840-257B-4BCC-A704-60F0FD9BA870}.Debug-Server|x64.ActiveCfg = Debug
		{965F6840-257B-4BCC-A704-60F0FD9BA870}.Debug-Server|x86.ActiveCfg = Debug
		{965F6840-257B-4BCC-A704-60F0FD9BA870}.Release|Any CPU.ActiveCfg = Release
		{965F6840-257B-4BCC-A704-60F0FD9BA870}.Release|x64.ActiveCfg = Release
		{965F6840-257B-4BCC-A704-60F0FD9BA870}.Release|x86.ActiveCfg = Release
		{965F6840-257B-4BCC-A704-60F0FD9BA870}.Release-Client|Any CPU.ActiveCfg = Release
		{965F6840-257B-4BCC-A704-60F0FD9BA870}.Release-Client|x64.ActiveCfg = Release
		{965F6840-257B-4BCC-A704-60F0FD9BA870}.Release-Client|x86.ActiveCfg = Release
		{965F6840-257B-4BCC-A704-60F0FD9BA870}.Release-Server|Any CPU.ActiveCfg = Release
		{965F6840-257B-4BCC-A704-60F0FD9BA870}.Release-Server|x64.ActiveCfg = Release
		{965F6840-257B-4BCC-A704-60F0FD9BA870}.Release-Server|x86.ActiveCfg = Release
		{9C43041F-64DC-472C-8735-AEB4FD3B6002}.Debug|Any CPU.ActiveCfg = Debug|Any CPU
		{9C43041F-64DC-472C-8735-AEB4FD3B6002}.Debug|Any CPU.Build.0 = Debug|Any CPU
		{9C43041F-64DC-472C-8735-AEB4FD3B6002}.Debug|x64.ActiveCfg = Debug|Any CPU
		{9C43041F-64DC-472C-8735-AEB4FD3B6002}.Debug|x86.ActiveCfg = Debug|Any CPU
		{9C43041F-64DC-472C-8735-AEB4FD3B6002}.Debug-Client|Any CPU.ActiveCfg = Debug|Any CPU
		{9C43041F-64DC-472C-8735-AEB4FD3B6002}.Debug-Client|Any CPU.Build.0 = Debug|Any CPU
		{9C43041F-64DC-472C-8735-AEB4FD3B6002}.Debug-Client|x64.ActiveCfg = Debug|Any CPU
		{9C43041F-64DC-472C-8735-AEB4FD3B6002}.Debug-Client|x86.ActiveCfg = Debug|Any CPU
		{9C43041F-64DC-472C-8735-AEB4FD3B6002}.Debug-Server|Any CPU.ActiveCfg = Debug|Any CPU
		{9C43041F-64DC-472C-8735-AEB4FD3B6002}.Debug-Server|Any CPU.Build.0 = Debug|Any CPU
		{9C43041F-64DC-472C-8735-AEB4FD3B6002}.Debug-Server|x64.ActiveCfg = Debug|Any CPU
		{9C43041F-64DC-472C-8735-AEB4FD3B6002}.Debug-Server|x86.ActiveCfg = Debug|Any CPU
		{9C43041F-64DC-472C-8735-AEB4FD3B6002}.Release|Any CPU.ActiveCfg = Release|Any CPU
		{9C43041F-64DC-472C-8735-AEB4FD3B6002}.Release|Any CPU.Build.0 = Release|Any CPU
		{9C43041F-64DC-472C-8735-AEB4FD3B6002}.Release|x64.ActiveCfg = Release|Any CPU
		{9C43041F-64DC-472C-8735-AEB4FD3B6002}.Release|x86.ActiveCfg = Release|Any CPU
		{9C43041F-64DC-472C-8735-AEB4FD3B6002}.Release-Client|Any CPU.ActiveCfg = Release|Any CPU
		{9C43041F-64DC-472C-8735-AEB4FD3B6002}.Release-Client|Any CPU.Build.0 = Release|Any CPU
		{9C43041F-64DC-472C-8735-AEB4FD3B6002}.Release-Client|x64.ActiveCfg = Release|Any CPU
		{9C43041F-64DC-472C-8735-AEB4FD3B6002}.Release-Client|x86.ActiveCfg = Release|Any CPU
		{9C43041F-64DC-472C-8735-AEB4FD3B6002}.Release-Server|Any CPU.ActiveCfg = Release|Any CPU
		{9C43041F-64DC-472C-8735-AEB4FD3B6002}.Release-Server|Any CPU.Build.0 = Release|Any CPU
		{9C43041F-64DC-472C-8735-AEB4FD3B6002}.Release-Server|x64.ActiveCfg = Release|Any CPU
		{9C43041F-64DC-472C-8735-AEB4FD3B6002}.Release-Server|x86.ActiveCfg = Release|Any CPU
	EndGlobalSection
	GlobalSection(SolutionProperties) = preSolution
		HideSolutionNode = FALSE
	EndGlobalSection
EndGlobal
